
Microsoft Visual Studio Solution File, Format Version 12.00
# Visual Studio Version 16
VisualStudioVersion = 16.0.32901.82
MinimumVisualStudioVersion = 10.0.40219.1
Project("{FAE04EC0-301F-11D3-BF4B-00C04F79EFBC}") = "dz4", "dz4\dz4.csproj", "{1CD713E7-328C-4324-A79A-11AEF613755E}"
EndProject
Global
	GlobalSection(SolutionConfigurationPlatforms) = preSolution
		Debug|Any CPU = Debug|Any CPU
		Release|Any CPU = Release|Any CPU
	EndGlobalSection
	GlobalSection(ProjectConfigurationPlatforms) = postSolution
		{1CD713E7-328C-4324-A79A-11AEF613755E}.Debug|Any CPU.ActiveCfg = Debug|Any CPU
		{1CD713E7-328C-4324-A79A-11AEF613755E}.Debug|Any CPU.Build.0 = Debug|Any CPU
		{1CD713E7-328C-4324-A79A-11AEF613755E}.Release|Any CPU.ActiveCfg = Release|Any CPU
		{1CD713E7-328C-4324-A79A-11AEF613755E}.Release|Any CPU.Build.0 = Release|Any CPU
	EndGlobalSection
	GlobalSection(SolutionProperties) = preSolution
		HideSolutionNode = FALSE
	EndGlobalSection
	GlobalSection(ExtensibilityGlobals) = postSolution
		SolutionGuid = {FC6B7B70-FC24-4C39-A826-0587D6F2B470}
	EndGlobalSection
EndGlobal
